// !$*UTF8*$!
{
	archiveVersion = 1;
	classes = {
	};
	objectVersion = 46;
	objects = {

/* Begin PBXBuildFile section */
		1F0D31A72077D2CC00F50FE0 /* Localizable.strings in Resources */ = {isa = PBXBuildFile; fileRef = 1F0D31A92077D2CC00F50FE0 /* Localizable.strings */; };
		1F0D31AF207936D000F50FE0 /* TrackUtil.swift in Sources */ = {isa = PBXBuildFile; fileRef = 1F0D31AE207936D000F50FE0 /* TrackUtil.swift */; };
		1F21B9431D2D61A2001F1722 /* Extensions.swift in Sources */ = {isa = PBXBuildFile; fileRef = 1F21B9421D2D61A2001F1722 /* Extensions.swift */; };
		1F2783BC205EA8C00001DFEB /* BaseViewController.swift in Sources */ = {isa = PBXBuildFile; fileRef = 1F2783BB205EA8C00001DFEB /* BaseViewController.swift */; };
		1F376200205FFFBC001ED5BB /* Playlist.swift in Sources */ = {isa = PBXBuildFile; fileRef = 1F3761FE205FFFBC001ED5BB /* Playlist.swift */; };
		1F376201205FFFBC001ED5BB /* Video.swift in Sources */ = {isa = PBXBuildFile; fileRef = 1F3761FF205FFFBC001ED5BB /* Video.swift */; };
		1F376207205FFFD0001ED5BB /* Assets.bundle in Resources */ = {isa = PBXBuildFile; fileRef = 1F376205205FFFD0001ED5BB /* Assets.bundle */; };
		1F376208205FFFD0001ED5BB /* YTPlayerView.m in Sources */ = {isa = PBXBuildFile; fileRef = 1F376206205FFFD0001ED5BB /* YTPlayerView.m */; };
		1F37621120600075001ED5BB /* SearchViewController.swift in Sources */ = {isa = PBXBuildFile; fileRef = 1F37620B20600075001ED5BB /* SearchViewController.swift */; };
		1F37621220600075001ED5BB /* LibraryViewController.swift in Sources */ = {isa = PBXBuildFile; fileRef = 1F37620C20600075001ED5BB /* LibraryViewController.swift */; };
		1F37621320600075001ED5BB /* GRAlertViewController.swift in Sources */ = {isa = PBXBuildFile; fileRef = 1F37620D20600075001ED5BB /* GRAlertViewController.swift */; };
		1F37621420600076001ED5BB /* VideoListViewController.swift in Sources */ = {isa = PBXBuildFile; fileRef = 1F37620E20600075001ED5BB /* VideoListViewController.swift */; };
		1F37621520600076001ED5BB /* PlaylistListViewController.swift in Sources */ = {isa = PBXBuildFile; fileRef = 1F37620F20600075001ED5BB /* PlaylistListViewController.swift */; };
		1F37621620600076001ED5BB /* SettingsViewController.swift in Sources */ = {isa = PBXBuildFile; fileRef = 1F37621020600075001ED5BB /* SettingsViewController.swift */; };
		1F37621F206000D1001ED5BB /* GRSearchController.swift in Sources */ = {isa = PBXBuildFile; fileRef = 1F376218206000D1001ED5BB /* GRSearchController.swift */; };
		1F376220206000D1001ED5BB /* PlaylistTableViewCell.swift in Sources */ = {isa = PBXBuildFile; fileRef = 1F376219206000D1001ED5BB /* PlaylistTableViewCell.swift */; };
		1F376221206000D1001ED5BB /* VideoListTableViewCell.swift in Sources */ = {isa = PBXBuildFile; fileRef = 1F37621A206000D1001ED5BB /* VideoListTableViewCell.swift */; };
		1F376222206000D1001ED5BB /* MenuTableViewCell.swift in Sources */ = {isa = PBXBuildFile; fileRef = 1F37621B206000D1001ED5BB /* MenuTableViewCell.swift */; };
		1F376223206000D1001ED5BB /* SearchSuggestTableViewCell.swift in Sources */ = {isa = PBXBuildFile; fileRef = 1F37621C206000D1001ED5BB /* SearchSuggestTableViewCell.swift */; };
		1F376224206000D1001ED5BB /* GRSearchBar.swift in Sources */ = {isa = PBXBuildFile; fileRef = 1F37621D206000D1001ED5BB /* GRSearchBar.swift */; };
		1F376225206000D1001ED5BB /* SearchVideoTableViewCell.swift in Sources */ = {isa = PBXBuildFile; fileRef = 1F37621E206000D1001ED5BB /* SearchVideoTableViewCell.swift */; };
		1FAE89861FAA551000CF900D /* license.html in Resources */ = {isa = PBXBuildFile; fileRef = 1FAE89841FAA551000CF900D /* license.html */; };
		1FDA2D3424062E2100523739 /* groovSnapshot.swift in Sources */ = {isa = PBXBuildFile; fileRef = 1FDA2D3324062E2100523739 /* groovSnapshot.swift */; };
		1FDA2D3C24062E3000523739 /* SnapshotHelper.swift in Sources */ = {isa = PBXBuildFile; fileRef = 1FDA2D3B24062E3000523739 /* SnapshotHelper.swift */; };
		31251DBFEDF78548A1A2A767 /* Pods_groov.framework in Frameworks */ = {isa = PBXBuildFile; fileRef = ABDD6A5EDEFF369926A285F5 /* Pods_groov.framework */; };
		C6172ECD2400380B00F2B5C1 /* LoadingIndicatorView.swift in Sources */ = {isa = PBXBuildFile; fileRef = C6172ECC2400380B00F2B5C1 /* LoadingIndicatorView.swift */; };
		C6172ECF240044A900F2B5C1 /* Debouncer.swift in Sources */ = {isa = PBXBuildFile; fileRef = C6172ECE240044A900F2B5C1 /* Debouncer.swift */; };
		C6172ED224040D3300F2B5C1 /* SearchViewDataManager.swift in Sources */ = {isa = PBXBuildFile; fileRef = C6172ED124040D3300F2B5C1 /* SearchViewDataManager.swift */; };
		C61B73DB1E9C69D4003AE091 /* Assets.xcassets in Resources */ = {isa = PBXBuildFile; fileRef = C61B73DA1E9C69D4003AE091 /* Assets.xcassets */; };
		C61C0BC81D38C2C90067D389 /* Constants.swift in Sources */ = {isa = PBXBuildFile; fileRef = C61C0BC71D38C2C90067D389 /* Constants.swift */; };
		C61D9B4223FD6DC100B4E0AD /* KeyboardNotification.swift in Sources */ = {isa = PBXBuildFile; fileRef = C61D9B4123FD6DC100B4E0AD /* KeyboardNotification.swift */; };
		C62533AA1D46F4A5006E43F8 /* MessageUI.framework in Frameworks */ = {isa = PBXBuildFile; fileRef = C62533A91D46F4A5006E43F8 /* MessageUI.framework */; };
		C64FCE2D23FED1BE00790DA5 /* SearchAPIHandler.swift in Sources */ = {isa = PBXBuildFile; fileRef = C64FCE2C23FED1BE00790DA5 /* SearchAPIHandler.swift */; };
		C64FCE2F23FED70200790DA5 /* YoutubeAPI.swift in Sources */ = {isa = PBXBuildFile; fileRef = C64FCE2E23FED70200790DA5 /* YoutubeAPI.swift */; };
		C66ED4C81D2CA73E0055F441 /* AppDelegate.swift in Sources */ = {isa = PBXBuildFile; fileRef = C66ED4C71D2CA73E0055F441 /* AppDelegate.swift */; };
		C66ED4CD1D2CA73E0055F441 /* Main.storyboard in Resources */ = {isa = PBXBuildFile; fileRef = C66ED4CB1D2CA73E0055F441 /* Main.storyboard */; };
		C66ED4D21D2CA73E0055F441 /* LaunchScreen.storyboard in Resources */ = {isa = PBXBuildFile; fileRef = C66ED4D01D2CA73E0055F441 /* LaunchScreen.storyboard */; };
		C683238E1E89120E00B0F623 /* GoogleService-Info.plist in Resources */ = {isa = PBXBuildFile; fileRef = C683238D1E89120E00B0F623 /* GoogleService-Info.plist */; };
/* End PBXBuildFile section */

/* Begin PBXContainerItemProxy section */
		1FDA2D3624062E2100523739 /* PBXContainerItemProxy */ = {
			isa = PBXContainerItemProxy;
			containerPortal = C66ED4BC1D2CA73E0055F441 /* Project object */;
			proxyType = 1;
			remoteGlobalIDString = C66ED4C31D2CA73E0055F441;
			remoteInfo = groov;
		};
/* End PBXContainerItemProxy section */

/* Begin PBXFileReference section */
		1F0D319C2077D20500F50FE0 /* en */ = {isa = PBXFileReference; lastKnownFileType = text.plist.strings; name = en; path = en.lproj/Main.strings; sourceTree = "<group>"; };
		1F0D319D2077D23300F50FE0 /* ko */ = {isa = PBXFileReference; lastKnownFileType = text.plist.strings; name = ko; path = ko.lproj/Main.strings; sourceTree = "<group>"; };
		1F0D319E2077D23300F50FE0 /* ko */ = {isa = PBXFileReference; lastKnownFileType = text.plist.strings; name = ko; path = ko.lproj/LaunchScreen.strings; sourceTree = "<group>"; };
		1F0D319F2077D23800F50FE0 /* ja */ = {isa = PBXFileReference; lastKnownFileType = text.plist.strings; name = ja; path = ja.lproj/Main.strings; sourceTree = "<group>"; };
		1F0D31A02077D23800F50FE0 /* ja */ = {isa = PBXFileReference; lastKnownFileType = text.plist.strings; name = ja; path = ja.lproj/LaunchScreen.strings; sourceTree = "<group>"; };
		1F0D31A12077D23D00F50FE0 /* zh-Hans */ = {isa = PBXFileReference; lastKnownFileType = text.plist.strings; name = "zh-Hans"; path = "zh-Hans.lproj/Main.strings"; sourceTree = "<group>"; };
		1F0D31A22077D23D00F50FE0 /* zh-Hans */ = {isa = PBXFileReference; lastKnownFileType = text.plist.strings; name = "zh-Hans"; path = "zh-Hans.lproj/LaunchScreen.strings"; sourceTree = "<group>"; };
		1F0D31A32077D24100F50FE0 /* zh-Hant */ = {isa = PBXFileReference; lastKnownFileType = text.plist.strings; name = "zh-Hant"; path = "zh-Hant.lproj/Main.strings"; sourceTree = "<group>"; };
		1F0D31A42077D24100F50FE0 /* zh-Hant */ = {isa = PBXFileReference; lastKnownFileType = text.plist.strings; name = "zh-Hant"; path = "zh-Hant.lproj/LaunchScreen.strings"; sourceTree = "<group>"; };
		1F0D31A82077D2CC00F50FE0 /* en */ = {isa = PBXFileReference; lastKnownFileType = text.plist.strings; name = en; path = en.lproj/Localizable.strings; sourceTree = "<group>"; };
		1F0D31AA2077D2CE00F50FE0 /* ko */ = {isa = PBXFileReference; lastKnownFileType = text.plist.strings; name = ko; path = ko.lproj/Localizable.strings; sourceTree = "<group>"; };
		1F0D31AB2077D2CF00F50FE0 /* ja */ = {isa = PBXFileReference; lastKnownFileType = text.plist.strings; name = ja; path = ja.lproj/Localizable.strings; sourceTree = "<group>"; };
		1F0D31AC2077D2CF00F50FE0 /* zh-Hans */ = {isa = PBXFileReference; lastKnownFileType = text.plist.strings; name = "zh-Hans"; path = "zh-Hans.lproj/Localizable.strings"; sourceTree = "<group>"; };
		1F0D31AD2077D2D100F50FE0 /* zh-Hant */ = {isa = PBXFileReference; lastKnownFileType = text.plist.strings; name = "zh-Hant"; path = "zh-Hant.lproj/Localizable.strings"; sourceTree = "<group>"; };
		1F0D31AE207936D000F50FE0 /* TrackUtil.swift */ = {isa = PBXFileReference; lastKnownFileType = sourcecode.swift; path = TrackUtil.swift; sourceTree = "<group>"; };
		1F21B9421D2D61A2001F1722 /* Extensions.swift */ = {isa = PBXFileReference; fileEncoding = 4; lastKnownFileType = sourcecode.swift; path = Extensions.swift; sourceTree = "<group>"; };
		1F2783BB205EA8C00001DFEB /* BaseViewController.swift */ = {isa = PBXFileReference; fileEncoding = 4; lastKnownFileType = sourcecode.swift; path = BaseViewController.swift; sourceTree = "<group>"; };
		1F3761FE205FFFBC001ED5BB /* Playlist.swift */ = {isa = PBXFileReference; fileEncoding = 4; lastKnownFileType = sourcecode.swift; path = Playlist.swift; sourceTree = "<group>"; };
		1F3761FF205FFFBC001ED5BB /* Video.swift */ = {isa = PBXFileReference; fileEncoding = 4; lastKnownFileType = sourcecode.swift; path = Video.swift; sourceTree = "<group>"; };
		1F376204205FFFD0001ED5BB /* YTPlayerView.h */ = {isa = PBXFileReference; fileEncoding = 4; lastKnownFileType = sourcecode.c.h; path = YTPlayerView.h; sourceTree = "<group>"; };
		1F376205205FFFD0001ED5BB /* Assets.bundle */ = {isa = PBXFileReference; lastKnownFileType = "wrapper.plug-in"; path = Assets.bundle; sourceTree = "<group>"; };
		1F376206205FFFD0001ED5BB /* YTPlayerView.m */ = {isa = PBXFileReference; fileEncoding = 4; lastKnownFileType = sourcecode.c.objc; path = YTPlayerView.m; sourceTree = "<group>"; };
		1F37620B20600075001ED5BB /* SearchViewController.swift */ = {isa = PBXFileReference; fileEncoding = 4; lastKnownFileType = sourcecode.swift; path = SearchViewController.swift; sourceTree = "<group>"; };
		1F37620C20600075001ED5BB /* LibraryViewController.swift */ = {isa = PBXFileReference; fileEncoding = 4; lastKnownFileType = sourcecode.swift; path = LibraryViewController.swift; sourceTree = "<group>"; };
		1F37620D20600075001ED5BB /* GRAlertViewController.swift */ = {isa = PBXFileReference; fileEncoding = 4; lastKnownFileType = sourcecode.swift; path = GRAlertViewController.swift; sourceTree = "<group>"; };
		1F37620E20600075001ED5BB /* VideoListViewController.swift */ = {isa = PBXFileReference; fileEncoding = 4; lastKnownFileType = sourcecode.swift; path = VideoListViewController.swift; sourceTree = "<group>"; };
		1F37620F20600075001ED5BB /* PlaylistListViewController.swift */ = {isa = PBXFileReference; fileEncoding = 4; lastKnownFileType = sourcecode.swift; path = PlaylistListViewController.swift; sourceTree = "<group>"; };
		1F37621020600075001ED5BB /* SettingsViewController.swift */ = {isa = PBXFileReference; fileEncoding = 4; lastKnownFileType = sourcecode.swift; path = SettingsViewController.swift; sourceTree = "<group>"; };
		1F376218206000D1001ED5BB /* GRSearchController.swift */ = {isa = PBXFileReference; fileEncoding = 4; lastKnownFileType = sourcecode.swift; path = GRSearchController.swift; sourceTree = "<group>"; };
		1F376219206000D1001ED5BB /* PlaylistTableViewCell.swift */ = {isa = PBXFileReference; fileEncoding = 4; lastKnownFileType = sourcecode.swift; path = PlaylistTableViewCell.swift; sourceTree = "<group>"; };
		1F37621A206000D1001ED5BB /* VideoListTableViewCell.swift */ = {isa = PBXFileReference; fileEncoding = 4; lastKnownFileType = sourcecode.swift; path = VideoListTableViewCell.swift; sourceTree = "<group>"; };
		1F37621B206000D1001ED5BB /* MenuTableViewCell.swift */ = {isa = PBXFileReference; fileEncoding = 4; lastKnownFileType = sourcecode.swift; path = MenuTableViewCell.swift; sourceTree = "<group>"; };
		1F37621C206000D1001ED5BB /* SearchSuggestTableViewCell.swift */ = {isa = PBXFileReference; fileEncoding = 4; lastKnownFileType = sourcecode.swift; path = SearchSuggestTableViewCell.swift; sourceTree = "<group>"; };
		1F37621D206000D1001ED5BB /* GRSearchBar.swift */ = {isa = PBXFileReference; fileEncoding = 4; lastKnownFileType = sourcecode.swift; path = GRSearchBar.swift; sourceTree = "<group>"; };
		1F37621E206000D1001ED5BB /* SearchVideoTableViewCell.swift */ = {isa = PBXFileReference; fileEncoding = 4; lastKnownFileType = sourcecode.swift; path = SearchVideoTableViewCell.swift; sourceTree = "<group>"; };
		1F6C43301D32A05A00F53FA9 /* groov-Bridging-Header.h */ = {isa = PBXFileReference; lastKnownFileType = sourcecode.c.h; path = "groov-Bridging-Header.h"; sourceTree = "<group>"; };
		1FAE89841FAA551000CF900D /* license.html */ = {isa = PBXFileReference; fileEncoding = 4; lastKnownFileType = text.html; path = license.html; sourceTree = SOURCE_ROOT; };
		1FDA2D3124062E2100523739 /* groovSnapshot.xctest */ = {isa = PBXFileReference; explicitFileType = wrapper.cfbundle; includeInIndex = 0; path = groovSnapshot.xctest; sourceTree = BUILT_PRODUCTS_DIR; };
		1FDA2D3324062E2100523739 /* groovSnapshot.swift */ = {isa = PBXFileReference; lastKnownFileType = sourcecode.swift; path = groovSnapshot.swift; sourceTree = "<group>"; };
		1FDA2D3524062E2100523739 /* Info.plist */ = {isa = PBXFileReference; lastKnownFileType = text.plist.xml; path = Info.plist; sourceTree = "<group>"; };
		1FDA2D3B24062E3000523739 /* SnapshotHelper.swift */ = {isa = PBXFileReference; fileEncoding = 4; lastKnownFileType = sourcecode.swift; path = SnapshotHelper.swift; sourceTree = "<group>"; };
		4C40722D096E3B0085A2B780 /* Pods-groov.debug.xcconfig */ = {isa = PBXFileReference; includeInIndex = 1; lastKnownFileType = text.xcconfig; name = "Pods-groov.debug.xcconfig"; path = "Pods/Target Support Files/Pods-groov/Pods-groov.debug.xcconfig"; sourceTree = "<group>"; };
		97596A9D467582EEF5030BE1 /* Pods-groov.release.xcconfig */ = {isa = PBXFileReference; includeInIndex = 1; lastKnownFileType = text.xcconfig; name = "Pods-groov.release.xcconfig"; path = "Pods/Target Support Files/Pods-groov/Pods-groov.release.xcconfig"; sourceTree = "<group>"; };
		A82A0158A517718A8183ABD2 /* Pods_groovTests.framework */ = {isa = PBXFileReference; explicitFileType = wrapper.framework; includeInIndex = 0; path = Pods_groovTests.framework; sourceTree = BUILT_PRODUCTS_DIR; };
		ABDD6A5EDEFF369926A285F5 /* Pods_groov.framework */ = {isa = PBXFileReference; explicitFileType = wrapper.framework; includeInIndex = 0; path = Pods_groov.framework; sourceTree = BUILT_PRODUCTS_DIR; };
		C6172ECC2400380B00F2B5C1 /* LoadingIndicatorView.swift */ = {isa = PBXFileReference; lastKnownFileType = sourcecode.swift; path = LoadingIndicatorView.swift; sourceTree = "<group>"; };
		C6172ECE240044A900F2B5C1 /* Debouncer.swift */ = {isa = PBXFileReference; lastKnownFileType = sourcecode.swift; path = Debouncer.swift; sourceTree = "<group>"; };
		C6172ED124040D3300F2B5C1 /* SearchViewDataManager.swift */ = {isa = PBXFileReference; lastKnownFileType = sourcecode.swift; path = SearchViewDataManager.swift; sourceTree = "<group>"; };
		C61B73DA1E9C69D4003AE091 /* Assets.xcassets */ = {isa = PBXFileReference; lastKnownFileType = folder.assetcatalog; path = Assets.xcassets; sourceTree = "<group>"; };
		C61C0BC71D38C2C90067D389 /* Constants.swift */ = {isa = PBXFileReference; fileEncoding = 4; lastKnownFileType = sourcecode.swift; path = Constants.swift; sourceTree = "<group>"; };
		C61D9B4123FD6DC100B4E0AD /* KeyboardNotification.swift */ = {isa = PBXFileReference; fileEncoding = 4; lastKnownFileType = sourcecode.swift; path = KeyboardNotification.swift; sourceTree = "<group>"; };
		C62533A91D46F4A5006E43F8 /* MessageUI.framework */ = {isa = PBXFileReference; lastKnownFileType = wrapper.framework; name = MessageUI.framework; path = System/Library/Frameworks/MessageUI.framework; sourceTree = SDKROOT; };
		C64FCE2C23FED1BE00790DA5 /* SearchAPIHandler.swift */ = {isa = PBXFileReference; lastKnownFileType = sourcecode.swift; path = SearchAPIHandler.swift; sourceTree = "<group>"; };
		C64FCE2E23FED70200790DA5 /* YoutubeAPI.swift */ = {isa = PBXFileReference; lastKnownFileType = sourcecode.swift; path = YoutubeAPI.swift; sourceTree = "<group>"; };
		C66ED4C41D2CA73E0055F441 /* groov.app */ = {isa = PBXFileReference; explicitFileType = wrapper.application; includeInIndex = 0; path = groov.app; sourceTree = BUILT_PRODUCTS_DIR; };
		C66ED4C71D2CA73E0055F441 /* AppDelegate.swift */ = {isa = PBXFileReference; lastKnownFileType = sourcecode.swift; path = AppDelegate.swift; sourceTree = "<group>"; };
		C66ED4CC1D2CA73E0055F441 /* Base */ = {isa = PBXFileReference; lastKnownFileType = file.storyboard; name = Base; path = Base.lproj/Main.storyboard; sourceTree = "<group>"; };
		C66ED4D11D2CA73E0055F441 /* Base */ = {isa = PBXFileReference; lastKnownFileType = file.storyboard; name = Base; path = Base.lproj/LaunchScreen.storyboard; sourceTree = "<group>"; };
		C66ED4D31D2CA73E0055F441 /* Info.plist */ = {isa = PBXFileReference; lastKnownFileType = text.plist.xml; path = Info.plist; sourceTree = "<group>"; };
		C683238D1E89120E00B0F623 /* GoogleService-Info.plist */ = {isa = PBXFileReference; fileEncoding = 4; lastKnownFileType = text.plist.xml; path = "GoogleService-Info.plist"; sourceTree = "<group>"; };
		C8ABA509D130F72F0EBCBA43 /* Pods_groovUITests.framework */ = {isa = PBXFileReference; explicitFileType = wrapper.framework; includeInIndex = 0; path = Pods_groovUITests.framework; sourceTree = BUILT_PRODUCTS_DIR; };
/* End PBXFileReference section */

/* Begin PBXFrameworksBuildPhase section */
		1FDA2D2E24062E2100523739 /* Frameworks */ = {
			isa = PBXFrameworksBuildPhase;
			buildActionMask = 2147483647;
			files = (
			);
			runOnlyForDeploymentPostprocessing = 0;
		};
		C66ED4C11D2CA73E0055F441 /* Frameworks */ = {
			isa = PBXFrameworksBuildPhase;
			buildActionMask = 2147483647;
			files = (
				C62533AA1D46F4A5006E43F8 /* MessageUI.framework in Frameworks */,
				31251DBFEDF78548A1A2A767 /* Pods_groov.framework in Frameworks */,
			);
			runOnlyForDeploymentPostprocessing = 0;
		};
/* End PBXFrameworksBuildPhase section */

/* Begin PBXGroup section */
		1F2783B9205EA8C00001DFEB /* Common */ = {
			isa = PBXGroup;
			children = (
				1F376209205FFFF7001ED5BB /* Util */,
				1F376202205FFFD0001ED5BB /* Libraries */,
				1F3761FD205FFFBC001ED5BB /* Models */,
				1F2783BA205EA8C00001DFEB /* View */,
			);
			path = Common;
			sourceTree = "<group>";
		};
		1F2783BA205EA8C00001DFEB /* View */ = {
			isa = PBXGroup;
			children = (
				1F2783BB205EA8C00001DFEB /* BaseViewController.swift */,
			);
			path = View;
			sourceTree = "<group>";
		};
		1F3761FD205FFFBC001ED5BB /* Models */ = {
			isa = PBXGroup;
			children = (
				1F3761FE205FFFBC001ED5BB /* Playlist.swift */,
				1F3761FF205FFFBC001ED5BB /* Video.swift */,
			);
			path = Models;
			sourceTree = "<group>";
		};
		1F376202205FFFD0001ED5BB /* Libraries */ = {
			isa = PBXGroup;
			children = (
				1F376203205FFFD0001ED5BB /* YTPlayerView */,
			);
			path = Libraries;
			sourceTree = "<group>";
		};
		1F376203205FFFD0001ED5BB /* YTPlayerView */ = {
			isa = PBXGroup;
			children = (
				1F376204205FFFD0001ED5BB /* YTPlayerView.h */,
				1F376205205FFFD0001ED5BB /* Assets.bundle */,
				1F376206205FFFD0001ED5BB /* YTPlayerView.m */,
			);
			path = YTPlayerView;
			sourceTree = "<group>";
		};
		1F376209205FFFF7001ED5BB /* Util */ = {
			isa = PBXGroup;
			children = (
				1F21B9421D2D61A2001F1722 /* Extensions.swift */,
				C61C0BC71D38C2C90067D389 /* Constants.swift */,
				1F0D31AE207936D000F50FE0 /* TrackUtil.swift */,
				C61D9B4123FD6DC100B4E0AD /* KeyboardNotification.swift */,
				C6172ECE240044A900F2B5C1 /* Debouncer.swift */,
			);
			path = Util;
			sourceTree = "<group>";
		};
		1F37620A20600075001ED5BB /* Controllers */ = {
			isa = PBXGroup;
			children = (
				1F37620B20600075001ED5BB /* SearchViewController.swift */,
				1F37620C20600075001ED5BB /* LibraryViewController.swift */,
				1F37620D20600075001ED5BB /* GRAlertViewController.swift */,
				1F37620E20600075001ED5BB /* VideoListViewController.swift */,
				1F37620F20600075001ED5BB /* PlaylistListViewController.swift */,
				1F37621020600075001ED5BB /* SettingsViewController.swift */,
			);
			path = Controllers;
			sourceTree = "<group>";
		};
		1F376217206000D1001ED5BB /* Views */ = {
			isa = PBXGroup;
			children = (
				1F376218206000D1001ED5BB /* GRSearchController.swift */,
				1F376219206000D1001ED5BB /* PlaylistTableViewCell.swift */,
				1F37621A206000D1001ED5BB /* VideoListTableViewCell.swift */,
				1F37621B206000D1001ED5BB /* MenuTableViewCell.swift */,
				1F37621C206000D1001ED5BB /* SearchSuggestTableViewCell.swift */,
				1F37621D206000D1001ED5BB /* GRSearchBar.swift */,
				1F37621E206000D1001ED5BB /* SearchVideoTableViewCell.swift */,
				C6172ECC2400380B00F2B5C1 /* LoadingIndicatorView.swift */,
			);
			path = Views;
			sourceTree = "<group>";
		};
		1FDA2D3224062E2100523739 /* groovSnapshot */ = {
			isa = PBXGroup;
			children = (
				1FDA2D3B24062E3000523739 /* SnapshotHelper.swift */,
				1FDA2D3324062E2100523739 /* groovSnapshot.swift */,
				1FDA2D3524062E2100523739 /* Info.plist */,
			);
			path = groovSnapshot;
			sourceTree = "<group>";
		};
		8163F3A8224503FE11C038C0 /* Frameworks */ = {
			isa = PBXGroup;
			children = (
				C62533A91D46F4A5006E43F8 /* MessageUI.framework */,
				ABDD6A5EDEFF369926A285F5 /* Pods_groov.framework */,
				A82A0158A517718A8183ABD2 /* Pods_groovTests.framework */,
				C8ABA509D130F72F0EBCBA43 /* Pods_groovUITests.framework */,
			);
			name = Frameworks;
			sourceTree = "<group>";
		};
		8E6D4F9944C0632238763D07 /* Pods */ = {
			isa = PBXGroup;
			children = (
				4C40722D096E3B0085A2B780 /* Pods-groov.debug.xcconfig */,
				97596A9D467582EEF5030BE1 /* Pods-groov.release.xcconfig */,
			);
			name = Pods;
			sourceTree = "<group>";
		};
		C64FCE2B23FED19600790DA5 /* SearchHelper */ = {
			isa = PBXGroup;
			children = (
				C64FCE2E23FED70200790DA5 /* YoutubeAPI.swift */,
				C64FCE2C23FED1BE00790DA5 /* SearchAPIHandler.swift */,
				C6172ED124040D3300F2B5C1 /* SearchViewDataManager.swift */,
			);
			path = SearchHelper;
			sourceTree = "<group>";
		};
		C66ED4BB1D2CA73E0055F441 = {
			isa = PBXGroup;
			children = (
				C66ED4C61D2CA73E0055F441 /* groov */,
				1FDA2D3224062E2100523739 /* groovSnapshot */,
				C66ED4C51D2CA73E0055F441 /* Products */,
				8E6D4F9944C0632238763D07 /* Pods */,
				8163F3A8224503FE11C038C0 /* Frameworks */,
			);
			sourceTree = "<group>";
		};
		C66ED4C51D2CA73E0055F441 /* Products */ = {
			isa = PBXGroup;
			children = (
				C66ED4C41D2CA73E0055F441 /* groov.app */,
				1FDA2D3124062E2100523739 /* groovSnapshot.xctest */,
			);
			name = Products;
			sourceTree = "<group>";
		};
		C66ED4C61D2CA73E0055F441 /* groov */ = {
			isa = PBXGroup;
			children = (
				1F376217206000D1001ED5BB /* Views */,
				1F37620A20600075001ED5BB /* Controllers */,
				C64FCE2B23FED19600790DA5 /* SearchHelper */,
				1F2783B9205EA8C00001DFEB /* Common */,
				C66ED4CB1D2CA73E0055F441 /* Main.storyboard */,
				C66ED4C71D2CA73E0055F441 /* AppDelegate.swift */,
				1F6C43301D32A05A00F53FA9 /* groov-Bridging-Header.h */,
				C61B73DA1E9C69D4003AE091 /* Assets.xcassets */,
				C66ED4D01D2CA73E0055F441 /* LaunchScreen.storyboard */,
				C683238D1E89120E00B0F623 /* GoogleService-Info.plist */,
				C66ED4D31D2CA73E0055F441 /* Info.plist */,
				1FAE89841FAA551000CF900D /* license.html */,
				1F0D31A92077D2CC00F50FE0 /* Localizable.strings */,
			);
			path = groov;
			sourceTree = "<group>";
		};
/* End PBXGroup section */

/* Begin PBXNativeTarget section */
		1FDA2D3024062E2100523739 /* groovSnapshot */ = {
			isa = PBXNativeTarget;
			buildConfigurationList = 1FDA2D3824062E2100523739 /* Build configuration list for PBXNativeTarget "groovSnapshot" */;
			buildPhases = (
				1FDA2D2D24062E2100523739 /* Sources */,
				1FDA2D2E24062E2100523739 /* Frameworks */,
				1FDA2D2F24062E2100523739 /* Resources */,
			);
			buildRules = (
			);
			dependencies = (
				1FDA2D3724062E2100523739 /* PBXTargetDependency */,
			);
			name = groovSnapshot;
			productName = groovSnapshot;
			productReference = 1FDA2D3124062E2100523739 /* groovSnapshot.xctest */;
			productType = "com.apple.product-type.bundle.ui-testing";
		};
		C66ED4C31D2CA73E0055F441 /* groov */ = {
			isa = PBXNativeTarget;
			buildConfigurationList = C66ED4EC1D2CA73E0055F441 /* Build configuration list for PBXNativeTarget "groov" */;
			buildPhases = (
				4BC8F7AD5ECE40600C7FF82F /* [CP] Check Pods Manifest.lock */,
				C66ED4C01D2CA73E0055F441 /* Sources */,
				C66ED4C11D2CA73E0055F441 /* Frameworks */,
				C66ED4C21D2CA73E0055F441 /* Resources */,
				14D25137692F0D91D9E70B75 /* [CP] Embed Pods Frameworks */,
				1F0D31B020793C5100F50FE0 /* ShellScript */,
			);
			buildRules = (
			);
			dependencies = (
			);
			name = groov;
			productName = groov;
			productReference = C66ED4C41D2CA73E0055F441 /* groov.app */;
			productType = "com.apple.product-type.application";
		};
/* End PBXNativeTarget section */

/* Begin PBXProject section */
		C66ED4BC1D2CA73E0055F441 /* Project object */ = {
			isa = PBXProject;
			attributes = {
				LastSwiftUpdateCheck = 1120;
				LastUpgradeCheck = 0900;
				ORGANIZATIONNAME = PilGwonKim;
				TargetAttributes = {
					1FDA2D3024062E2100523739 = {
						CreatedOnToolsVersion = 11.2.1;
						DevelopmentTeam = 68L248M44U;
						ProvisioningStyle = Automatic;
						TestTargetID = C66ED4C31D2CA73E0055F441;
					};
					C66ED4C31D2CA73E0055F441 = {
						CreatedOnToolsVersion = 7.3;
						DevelopmentTeam = 68L248M44U;
						LastSwiftMigration = 0900;
						ProvisioningStyle = Manual;
					};
				};
			};
			buildConfigurationList = C66ED4BF1D2CA73E0055F441 /* Build configuration list for PBXProject "groov" */;
			compatibilityVersion = "Xcode 3.2";
			developmentRegion = English;
			hasScannedForEncodings = 0;
			knownRegions = (
				English,
				en,
				Base,
				ko,
				ja,
				"zh-Hans",
				"zh-Hant",
			);
			mainGroup = C66ED4BB1D2CA73E0055F441;
			productRefGroup = C66ED4C51D2CA73E0055F441 /* Products */;
			projectDirPath = "";
			projectRoot = "";
			targets = (
				C66ED4C31D2CA73E0055F441 /* groov */,
				1FDA2D3024062E2100523739 /* groovSnapshot */,
			);
		};
/* End PBXProject section */

/* Begin PBXResourcesBuildPhase section */
		1FDA2D2F24062E2100523739 /* Resources */ = {
			isa = PBXResourcesBuildPhase;
			buildActionMask = 2147483647;
			files = (
			);
			runOnlyForDeploymentPostprocessing = 0;
		};
		C66ED4C21D2CA73E0055F441 /* Resources */ = {
			isa = PBXResourcesBuildPhase;
			buildActionMask = 2147483647;
			files = (
				C66ED4D21D2CA73E0055F441 /* LaunchScreen.storyboard in Resources */,
				C66ED4CD1D2CA73E0055F441 /* Main.storyboard in Resources */,
				1F376207205FFFD0001ED5BB /* Assets.bundle in Resources */,
				1F0D31A72077D2CC00F50FE0 /* Localizable.strings in Resources */,
				1FAE89861FAA551000CF900D /* license.html in Resources */,
				C61B73DB1E9C69D4003AE091 /* Assets.xcassets in Resources */,
				C683238E1E89120E00B0F623 /* GoogleService-Info.plist in Resources */,
			);
			runOnlyForDeploymentPostprocessing = 0;
		};
/* End PBXResourcesBuildPhase section */

/* Begin PBXShellScriptBuildPhase section */
		14D25137692F0D91D9E70B75 /* [CP] Embed Pods Frameworks */ = {
			isa = PBXShellScriptBuildPhase;
			buildActionMask = 2147483647;
			files = (
			);
			inputPaths = (
				"${PODS_ROOT}/Target Support Files/Pods-groov/Pods-groov-frameworks.sh",
				"${BUILT_PRODUCTS_DIR}/Alamofire/Alamofire.framework",
				"${BUILT_PRODUCTS_DIR}/AssistantKit/AssistantKit.framework",
				"${BUILT_PRODUCTS_DIR}/GTMSessionFetcher/GTMSessionFetcher.framework",
				"${BUILT_PRODUCTS_DIR}/GoogleToolboxForMac/GoogleToolboxForMac.framework",
				"${BUILT_PRODUCTS_DIR}/GoogleUtilities/GoogleUtilities.framework",
				"${BUILT_PRODUCTS_DIR}/KDCircularProgress/KDCircularProgress.framework",
				"${BUILT_PRODUCTS_DIR}/Kingfisher/Kingfisher.framework",
				"${BUILT_PRODUCTS_DIR}/Moya/Moya.framework",
				"${BUILT_PRODUCTS_DIR}/PromisesObjC/FBLPromises.framework",
				"${BUILT_PRODUCTS_DIR}/Protobuf/protobuf.framework",
				"${BUILT_PRODUCTS_DIR}/Realm/Realm.framework",
				"${BUILT_PRODUCTS_DIR}/RealmSwift/RealmSwift.framework",
				"${BUILT_PRODUCTS_DIR}/SWXMLHash/SWXMLHash.framework",
				"${BUILT_PRODUCTS_DIR}/SwiftMessages/SwiftMessages.framework",
				"${BUILT_PRODUCTS_DIR}/nanopb/nanopb.framework",
			);
			name = "[CP] Embed Pods Frameworks";
			outputPaths = (
				"${TARGET_BUILD_DIR}/${FRAMEWORKS_FOLDER_PATH}/Alamofire.framework",
				"${TARGET_BUILD_DIR}/${FRAMEWORKS_FOLDER_PATH}/AssistantKit.framework",
				"${TARGET_BUILD_DIR}/${FRAMEWORKS_FOLDER_PATH}/GTMSessionFetcher.framework",
				"${TARGET_BUILD_DIR}/${FRAMEWORKS_FOLDER_PATH}/GoogleToolboxForMac.framework",
				"${TARGET_BUILD_DIR}/${FRAMEWORKS_FOLDER_PATH}/GoogleUtilities.framework",
				"${TARGET_BUILD_DIR}/${FRAMEWORKS_FOLDER_PATH}/KDCircularProgress.framework",
				"${TARGET_BUILD_DIR}/${FRAMEWORKS_FOLDER_PATH}/Kingfisher.framework",
				"${TARGET_BUILD_DIR}/${FRAMEWORKS_FOLDER_PATH}/Moya.framework",
				"${TARGET_BUILD_DIR}/${FRAMEWORKS_FOLDER_PATH}/FBLPromises.framework",
				"${TARGET_BUILD_DIR}/${FRAMEWORKS_FOLDER_PATH}/protobuf.framework",
				"${TARGET_BUILD_DIR}/${FRAMEWORKS_FOLDER_PATH}/Realm.framework",
				"${TARGET_BUILD_DIR}/${FRAMEWORKS_FOLDER_PATH}/RealmSwift.framework",
				"${TARGET_BUILD_DIR}/${FRAMEWORKS_FOLDER_PATH}/SWXMLHash.framework",
				"${TARGET_BUILD_DIR}/${FRAMEWORKS_FOLDER_PATH}/SwiftMessages.framework",
				"${TARGET_BUILD_DIR}/${FRAMEWORKS_FOLDER_PATH}/nanopb.framework",
			);
			runOnlyForDeploymentPostprocessing = 0;
			shellPath = /bin/sh;
			shellScript = "\"${PODS_ROOT}/Target Support Files/Pods-groov/Pods-groov-frameworks.sh\"\n";
			showEnvVarsInLog = 0;
		};
		1F0D31B020793C5100F50FE0 /* ShellScript */ = {
			isa = PBXShellScriptBuildPhase;
			buildActionMask = 2147483647;
			files = (
			);
			inputPaths = (
			);
			outputPaths = (
			);
			runOnlyForDeploymentPostprocessing = 0;
			shellPath = /bin/sh;
			shellScript = "\"${PODS_ROOT}/Fabric/run\"\n";
		};
		4BC8F7AD5ECE40600C7FF82F /* [CP] Check Pods Manifest.lock */ = {
			isa = PBXShellScriptBuildPhase;
			buildActionMask = 2147483647;
			files = (
			);
			inputPaths = (
				"${PODS_PODFILE_DIR_PATH}/Podfile.lock",
				"${PODS_ROOT}/Manifest.lock",
			);
			name = "[CP] Check Pods Manifest.lock";
			outputPaths = (
				"$(DERIVED_FILE_DIR)/Pods-groov-checkManifestLockResult.txt",
			);
			runOnlyForDeploymentPostprocessing = 0;
			shellPath = /bin/sh;
			shellScript = "diff \"${PODS_PODFILE_DIR_PATH}/Podfile.lock\" \"${PODS_ROOT}/Manifest.lock\" > /dev/null\nif [ $? != 0 ] ; then\n    # print error to STDERR\n    echo \"error: The sandbox is not in sync with the Podfile.lock. Run 'pod install' or update your CocoaPods installation.\" >&2\n    exit 1\nfi\n# This output is used by Xcode 'outputs' to avoid re-running this script phase.\necho \"SUCCESS\" > \"${SCRIPT_OUTPUT_FILE_0}\"\n";
			showEnvVarsInLog = 0;
		};
/* End PBXShellScriptBuildPhase section */

/* Begin PBXSourcesBuildPhase section */
		1FDA2D2D24062E2100523739 /* Sources */ = {
			isa = PBXSourcesBuildPhase;
			buildActionMask = 2147483647;
			files = (
				1FDA2D3424062E2100523739 /* groovSnapshot.swift in Sources */,
				1FDA2D3C24062E3000523739 /* SnapshotHelper.swift in Sources */,
			);
			runOnlyForDeploymentPostprocessing = 0;
		};
		C66ED4C01D2CA73E0055F441 /* Sources */ = {
			isa = PBXSourcesBuildPhase;
			buildActionMask = 2147483647;
			files = (
				1F37621420600076001ED5BB /* VideoListViewController.swift in Sources */,
				1F376224206000D1001ED5BB /* GRSearchBar.swift in Sources */,
				1F37621120600075001ED5BB /* SearchViewController.swift in Sources */,
				1F37621F206000D1001ED5BB /* GRSearchController.swift in Sources */,
				C61C0BC81D38C2C90067D389 /* Constants.swift in Sources */,
				C61D9B4223FD6DC100B4E0AD /* KeyboardNotification.swift in Sources */,
				C6172ECD2400380B00F2B5C1 /* LoadingIndicatorView.swift in Sources */,
				1F376223206000D1001ED5BB /* SearchSuggestTableViewCell.swift in Sources */,
				1F37621620600076001ED5BB /* SettingsViewController.swift in Sources */,
				1F376222206000D1001ED5BB /* MenuTableViewCell.swift in Sources */,
				1F376220206000D1001ED5BB /* PlaylistTableViewCell.swift in Sources */,
				1F376225206000D1001ED5BB /* SearchVideoTableViewCell.swift in Sources */,
				C66ED4C81D2CA73E0055F441 /* AppDelegate.swift in Sources */,
				1F376200205FFFBC001ED5BB /* Playlist.swift in Sources */,
				C64FCE2F23FED70200790DA5 /* YoutubeAPI.swift in Sources */,
				1F37621520600076001ED5BB /* PlaylistListViewController.swift in Sources */,
				1F2783BC205EA8C00001DFEB /* BaseViewController.swift in Sources */,
				C6172ED224040D3300F2B5C1 /* SearchViewDataManager.swift in Sources */,
				1F376201205FFFBC001ED5BB /* Video.swift in Sources */,
				1F37621320600075001ED5BB /* GRAlertViewController.swift in Sources */,
				1F37621220600075001ED5BB /* LibraryViewController.swift in Sources */,
				C64FCE2D23FED1BE00790DA5 /* SearchAPIHandler.swift in Sources */,
				1F376221206000D1001ED5BB /* VideoListTableViewCell.swift in Sources */,
				1F21B9431D2D61A2001F1722 /* Extensions.swift in Sources */,
				C6172ECF240044A900F2B5C1 /* Debouncer.swift in Sources */,
				1F0D31AF207936D000F50FE0 /* TrackUtil.swift in Sources */,
				1F376208205FFFD0001ED5BB /* YTPlayerView.m in Sources */,
			);
			runOnlyForDeploymentPostprocessing = 0;
		};
/* End PBXSourcesBuildPhase section */

/* Begin PBXTargetDependency section */
		1FDA2D3724062E2100523739 /* PBXTargetDependency */ = {
			isa = PBXTargetDependency;
			target = C66ED4C31D2CA73E0055F441 /* groov */;
			targetProxy = 1FDA2D3624062E2100523739 /* PBXContainerItemProxy */;
		};
/* End PBXTargetDependency section */

/* Begin PBXVariantGroup section */
		1F0D31A92077D2CC00F50FE0 /* Localizable.strings */ = {
			isa = PBXVariantGroup;
			children = (
				1F0D31A82077D2CC00F50FE0 /* en */,
				1F0D31AA2077D2CE00F50FE0 /* ko */,
				1F0D31AB2077D2CF00F50FE0 /* ja */,
				1F0D31AC2077D2CF00F50FE0 /* zh-Hans */,
				1F0D31AD2077D2D100F50FE0 /* zh-Hant */,
			);
			name = Localizable.strings;
			sourceTree = "<group>";
		};
		C66ED4CB1D2CA73E0055F441 /* Main.storyboard */ = {
			isa = PBXVariantGroup;
			children = (
				C66ED4CC1D2CA73E0055F441 /* Base */,
				1F0D319C2077D20500F50FE0 /* en */,
				1F0D319D2077D23300F50FE0 /* ko */,
				1F0D319F2077D23800F50FE0 /* ja */,
				1F0D31A12077D23D00F50FE0 /* zh-Hans */,
				1F0D31A32077D24100F50FE0 /* zh-Hant */,
			);
			name = Main.storyboard;
			sourceTree = "<group>";
		};
		C66ED4D01D2CA73E0055F441 /* LaunchScreen.storyboard */ = {
			isa = PBXVariantGroup;
			children = (
				C66ED4D11D2CA73E0055F441 /* Base */,
				1F0D319E2077D23300F50FE0 /* ko */,
				1F0D31A02077D23800F50FE0 /* ja */,
				1F0D31A22077D23D00F50FE0 /* zh-Hans */,
				1F0D31A42077D24100F50FE0 /* zh-Hant */,
			);
			name = LaunchScreen.storyboard;
			sourceTree = "<group>";
		};
/* End PBXVariantGroup section */

/* Begin XCBuildConfiguration section */
		1FDA2D3924062E2100523739 /* Debug */ = {
			isa = XCBuildConfiguration;
			buildSettings = {
				CLANG_ANALYZER_NUMBER_OBJECT_CONVERSION = YES_AGGRESSIVE;
				CLANG_CXX_LANGUAGE_STANDARD = "gnu++14";
				CLANG_ENABLE_OBJC_WEAK = YES;
				CLANG_WARN_DEPRECATED_OBJC_IMPLEMENTATIONS = YES;
				CLANG_WARN_DOCUMENTATION_COMMENTS = YES;
				CLANG_WARN_OBJC_IMPLICIT_RETAIN_SELF = YES;
				CLANG_WARN_UNGUARDED_AVAILABILITY = YES_AGGRESSIVE;
				CODE_SIGN_STYLE = Automatic;
				DEVELOPMENT_TEAM = 68L248M44U;
				GCC_C_LANGUAGE_STANDARD = gnu11;
				INFOPLIST_FILE = groovSnapshot/Info.plist;
				IPHONEOS_DEPLOYMENT_TARGET = 13.2;
				LD_RUNPATH_SEARCH_PATHS = "$(inherited) @executable_path/Frameworks @loader_path/Frameworks";
				MTL_ENABLE_DEBUG_INFO = INCLUDE_SOURCE;
				MTL_FAST_MATH = YES;
				PRODUCT_BUNDLE_IDENTIFIER = app.overtheocean.groovSnapshot;
				PRODUCT_NAME = "$(TARGET_NAME)";
				SWIFT_ACTIVE_COMPILATION_CONDITIONS = DEBUG;
				SWIFT_VERSION = 5.0;
				TARGETED_DEVICE_FAMILY = "1,2";
				TEST_TARGET_NAME = groov;
			};
			name = Debug;
		};
		1FDA2D3A24062E2100523739 /* Release */ = {
			isa = XCBuildConfiguration;
			buildSettings = {
				CLANG_ANALYZER_NUMBER_OBJECT_CONVERSION = YES_AGGRESSIVE;
				CLANG_CXX_LANGUAGE_STANDARD = "gnu++14";
				CLANG_ENABLE_OBJC_WEAK = YES;
				CLANG_WARN_DEPRECATED_OBJC_IMPLEMENTATIONS = YES;
				CLANG_WARN_DOCUMENTATION_COMMENTS = YES;
				CLANG_WARN_OBJC_IMPLICIT_RETAIN_SELF = YES;
				CLANG_WARN_UNGUARDED_AVAILABILITY = YES_AGGRESSIVE;
				CODE_SIGN_STYLE = Automatic;
				DEVELOPMENT_TEAM = 68L248M44U;
				GCC_C_LANGUAGE_STANDARD = gnu11;
				INFOPLIST_FILE = groovSnapshot/Info.plist;
				IPHONEOS_DEPLOYMENT_TARGET = 13.2;
				LD_RUNPATH_SEARCH_PATHS = "$(inherited) @executable_path/Frameworks @loader_path/Frameworks";
				MTL_FAST_MATH = YES;
				PRODUCT_BUNDLE_IDENTIFIER = app.overtheocean.groovSnapshot;
				PRODUCT_NAME = "$(TARGET_NAME)";
				SWIFT_VERSION = 5.0;
				TARGETED_DEVICE_FAMILY = "1,2";
				TEST_TARGET_NAME = groov;
			};
			name = Release;
		};
		C66ED4EA1D2CA73E0055F441 /* Debug */ = {
			isa = XCBuildConfiguration;
			buildSettings = {
				ALWAYS_SEARCH_USER_PATHS = NO;
				CLANG_ANALYZER_LOCALIZABILITY_NONLOCALIZED = YES;
				CLANG_ANALYZER_NONNULL = YES;
				CLANG_CXX_LANGUAGE_STANDARD = "gnu++0x";
				CLANG_CXX_LIBRARY = "libc++";
				CLANG_ENABLE_MODULES = YES;
				CLANG_ENABLE_OBJC_ARC = YES;
				CLANG_WARN_BLOCK_CAPTURE_AUTORELEASING = YES;
				CLANG_WARN_BOOL_CONVERSION = YES;
				CLANG_WARN_COMMA = YES;
				CLANG_WARN_CONSTANT_CONVERSION = YES;
				CLANG_WARN_DIRECT_OBJC_ISA_USAGE = YES_ERROR;
				CLANG_WARN_EMPTY_BODY = YES;
				CLANG_WARN_ENUM_CONVERSION = YES;
				CLANG_WARN_INFINITE_RECURSION = YES;
				CLANG_WARN_INT_CONVERSION = YES;
				CLANG_WARN_NON_LITERAL_NULL_CONVERSION = YES;
				CLANG_WARN_OBJC_LITERAL_CONVERSION = YES;
				CLANG_WARN_OBJC_ROOT_CLASS = YES_ERROR;
				CLANG_WARN_RANGE_LOOP_ANALYSIS = YES;
				CLANG_WARN_STRICT_PROTOTYPES = YES;
				CLANG_WARN_SUSPICIOUS_MOVE = YES;
				CLANG_WARN_UNREACHABLE_CODE = YES;
				CLANG_WARN__DUPLICATE_METHOD_MATCH = YES;
				"CODE_SIGN_IDENTITY[sdk=iphoneos*]" = "iPhone Developer";
				COPY_PHASE_STRIP = NO;
				DEBUG_INFORMATION_FORMAT = dwarf;
				ENABLE_STRICT_OBJC_MSGSEND = YES;
				ENABLE_TESTABILITY = YES;
				GCC_C_LANGUAGE_STANDARD = gnu99;
				GCC_DYNAMIC_NO_PIC = NO;
				GCC_NO_COMMON_BLOCKS = YES;
				GCC_OPTIMIZATION_LEVEL = 0;
				GCC_PREPROCESSOR_DEFINITIONS = (
					"DEBUG=1",
					"$(inherited)",
				);
				GCC_WARN_64_TO_32_BIT_CONVERSION = YES;
				GCC_WARN_ABOUT_RETURN_TYPE = YES_ERROR;
				GCC_WARN_UNDECLARED_SELECTOR = YES;
				GCC_WARN_UNINITIALIZED_AUTOS = YES_AGGRESSIVE;
				GCC_WARN_UNUSED_FUNCTION = YES;
				GCC_WARN_UNUSED_VARIABLE = YES;
				IPHONEOS_DEPLOYMENT_TARGET = 10.0;
				MTL_ENABLE_DEBUG_INFO = YES;
				ONLY_ACTIVE_ARCH = YES;
				SDKROOT = iphoneos;
				SWIFT_OPTIMIZATION_LEVEL = "-Onone";
			};
			name = Debug;
		};
		C66ED4EB1D2CA73E0055F441 /* Release */ = {
			isa = XCBuildConfiguration;
			buildSettings = {
				ALWAYS_SEARCH_USER_PATHS = NO;
				CLANG_ANALYZER_LOCALIZABILITY_NONLOCALIZED = YES;
				CLANG_ANALYZER_NONNULL = YES;
				CLANG_CXX_LANGUAGE_STANDARD = "gnu++0x";
				CLANG_CXX_LIBRARY = "libc++";
				CLANG_ENABLE_MODULES = YES;
				CLANG_ENABLE_OBJC_ARC = YES;
				CLANG_WARN_BLOCK_CAPTURE_AUTORELEASING = YES;
				CLANG_WARN_BOOL_CONVERSION = YES;
				CLANG_WARN_COMMA = YES;
				CLANG_WARN_CONSTANT_CONVERSION = YES;
				CLANG_WARN_DIRECT_OBJC_ISA_USAGE = YES_ERROR;
				CLANG_WARN_EMPTY_BODY = YES;
				CLANG_WARN_ENUM_CONVERSION = YES;
				CLANG_WARN_INFINITE_RECURSION = YES;
				CLANG_WARN_INT_CONVERSION = YES;
				CLANG_WARN_NON_LITERAL_NULL_CONVERSION = YES;
				CLANG_WARN_OBJC_LITERAL_CONVERSION = YES;
				CLANG_WARN_OBJC_ROOT_CLASS = YES_ERROR;
				CLANG_WARN_RANGE_LOOP_ANALYSIS = YES;
				CLANG_WARN_STRICT_PROTOTYPES = YES;
				CLANG_WARN_SUSPICIOUS_MOVE = YES;
				CLANG_WARN_UNREACHABLE_CODE = YES;
				CLANG_WARN__DUPLICATE_METHOD_MATCH = YES;
				"CODE_SIGN_IDENTITY[sdk=iphoneos*]" = "iPhone Developer";
				COPY_PHASE_STRIP = NO;
				DEBUG_INFORMATION_FORMAT = "dwarf-with-dsym";
				ENABLE_NS_ASSERTIONS = NO;
				ENABLE_STRICT_OBJC_MSGSEND = YES;
				GCC_C_LANGUAGE_STANDARD = gnu99;
				GCC_NO_COMMON_BLOCKS = YES;
				GCC_WARN_64_TO_32_BIT_CONVERSION = YES;
				GCC_WARN_ABOUT_RETURN_TYPE = YES_ERROR;
				GCC_WARN_UNDECLARED_SELECTOR = YES;
				GCC_WARN_UNINITIALIZED_AUTOS = YES_AGGRESSIVE;
				GCC_WARN_UNUSED_FUNCTION = YES;
				GCC_WARN_UNUSED_VARIABLE = YES;
				IPHONEOS_DEPLOYMENT_TARGET = 10.0;
				MTL_ENABLE_DEBUG_INFO = NO;
				SDKROOT = iphoneos;
				SWIFT_OPTIMIZATION_LEVEL = "-Owholemodule";
				VALIDATE_PRODUCT = YES;
			};
			name = Release;
		};
		C66ED4ED1D2CA73E0055F441 /* Debug */ = {
			isa = XCBuildConfiguration;
			baseConfigurationReference = 4C40722D096E3B0085A2B780 /* Pods-groov.debug.xcconfig */;
			buildSettings = {
				ASSETCATALOG_COMPILER_APPICON_NAME = groov._ICON;
				CLANG_ENABLE_MODULES = YES;
				CODE_SIGN_IDENTITY = "iPhone Developer";
				CODE_SIGN_STYLE = Manual;
				DEVELOPMENT_TEAM = 68L248M44U;
				ENABLE_BITCODE = NO;
				INFOPLIST_FILE = groov/Info.plist;
				IPHONEOS_DEPLOYMENT_TARGET = 10.0;
				LD_RUNPATH_SEARCH_PATHS = "$(inherited) @executable_path/Frameworks";
				OTHER_LDFLAGS = "$(inherited)";
				OTHER_SWIFT_FLAGS = "$(inherited) -D DEBUG";
				PODS_PODFILE_DIR_PATH = "${SRCROOT}/.";
				PRODUCT_BUNDLE_IDENTIFIER = com.feelg.groov;
				PRODUCT_NAME = "$(TARGET_NAME)";
				PROVISIONING_PROFILE_SPECIFIER = "match Development com.feelg.groov";
				SWIFT_OBJC_BRIDGING_HEADER = "groov/groov-Bridging-Header.h";
				SWIFT_OPTIMIZATION_LEVEL = "-Onone";
				SWIFT_SWIFT3_OBJC_INFERENCE = Default;
				SWIFT_VERSION = 5.0;
			};
			name = Debug;
		};
		C66ED4EE1D2CA73E0055F441 /* Release */ = {
			isa = XCBuildConfiguration;
			baseConfigurationReference = 97596A9D467582EEF5030BE1 /* Pods-groov.release.xcconfig */;
			buildSettings = {
				ASSETCATALOG_COMPILER_APPICON_NAME = groov._ICON;
				CLANG_ENABLE_MODULES = YES;
				CODE_SIGN_IDENTITY = "iPhone Distribution";
				CODE_SIGN_STYLE = Manual;
				DEVELOPMENT_TEAM = 68L248M44U;
				ENABLE_BITCODE = NO;
				INFOPLIST_FILE = groov/Info.plist;
				IPHONEOS_DEPLOYMENT_TARGET = 10.0;
				LD_RUNPATH_SEARCH_PATHS = "$(inherited) @executable_path/Frameworks";
				OTHER_LDFLAGS = "$(inherited)";
				OTHER_SWIFT_FLAGS = "$(inherited)";
				PODS_PODFILE_DIR_PATH = "${SRCROOT}/.";
				PRODUCT_BUNDLE_IDENTIFIER = com.feelg.groov;
				PRODUCT_NAME = "$(TARGET_NAME)";
				PROVISIONING_PROFILE_SPECIFIER = "match AppStore com.feelg.groov";
				SWIFT_OBJC_BRIDGING_HEADER = "groov/groov-Bridging-Header.h";
				SWIFT_SWIFT3_OBJC_INFERENCE = Default;
				SWIFT_VERSION = 5.0;
			};
			name = Release;
		};
/* End XCBuildConfiguration section */

/* Begin XCConfigurationList section */
		1FDA2D3824062E2100523739 /* Build configuration list for PBXNativeTarget "groovSnapshot" */ = {
			isa = XCConfigurationList;
			buildConfigurations = (
				1FDA2D3924062E2100523739 /* Debug */,
				1FDA2D3A24062E2100523739 /* Release */,
			);
			defaultConfigurationIsVisible = 0;
			defaultConfigurationName = Release;
		};
		C66ED4BF1D2CA73E0055F441 /* Build configuration list for PBXProject "groov" */ = {
			isa = XCConfigurationList;
			buildConfigurations = (
				C66ED4EA1D2CA73E0055F441 /* Debug */,
				C66ED4EB1D2CA73E0055F441 /* Release */,
			);
			defaultConfigurationIsVisible = 0;
			defaultConfigurationName = Release;
		};
		C66ED4EC1D2CA73E0055F441 /* Build configuration list for PBXNativeTarget "groov" */ = {
			isa = XCConfigurationList;
			buildConfigurations = (
				C66ED4ED1D2CA73E0055F441 /* Debug */,
				C66ED4EE1D2CA73E0055F441 /* Release */,
			);
			defaultConfigurationIsVisible = 0;
			defaultConfigurationName = Release;
		};
/* End XCConfigurationList section */
	};
	rootObject = C66ED4BC1D2CA73E0055F441 /* Project object */;
}
